// !$*UTF8*$!
{
	archiveVersion = 1;
	classes = {
	};
	objectVersion = 48;
	objects = {

/* Begin PBXBuildFile section */
		E028F8C71FDA936200EBE0B7 /* AppDelegate.swift in Sources */ = {isa = PBXBuildFile; fileRef = E028F8C61FDA936200EBE0B7 /* AppDelegate.swift */; };
		E028F8C91FDA936200EBE0B7 /* ViewController.swift in Sources */ = {isa = PBXBuildFile; fileRef = E028F8C81FDA936200EBE0B7 /* ViewController.swift */; };
		E028F8CC1FDA936200EBE0B7 /* Main.storyboard in Resources */ = {isa = PBXBuildFile; fileRef = E028F8CA1FDA936200EBE0B7 /* Main.storyboard */; };
		E028F8CE1FDA936200EBE0B7 /* Assets.xcassets in Resources */ = {isa = PBXBuildFile; fileRef = E028F8CD1FDA936200EBE0B7 /* Assets.xcassets */; };
		E028F8D11FDA936200EBE0B7 /* LaunchScreen.storyboard in Resources */ = {isa = PBXBuildFile; fileRef = E028F8CF1FDA936200EBE0B7 /* LaunchScreen.storyboard */; };
		E028F8DF1FDA939500EBE0B7 /* AppDelegate.swift in Sources */ = {isa = PBXBuildFile; fileRef = E028F8DE1FDA939500EBE0B7 /* AppDelegate.swift */; };
		E028F8E11FDA939500EBE0B7 /* ViewController.swift in Sources */ = {isa = PBXBuildFile; fileRef = E028F8E01FDA939500EBE0B7 /* ViewController.swift */; };
		E028F8E41FDA939500EBE0B7 /* Main.storyboard in Resources */ = {isa = PBXBuildFile; fileRef = E028F8E21FDA939500EBE0B7 /* Main.storyboard */; };
		E028F8E61FDA939500EBE0B7 /* Assets.xcassets in Resources */ = {isa = PBXBuildFile; fileRef = E028F8E51FDA939500EBE0B7 /* Assets.xcassets */; };
		E028F8E91FDA939500EBE0B7 /* LaunchScreen.storyboard in Resources */ = {isa = PBXBuildFile; fileRef = E028F8E71FDA939500EBE0B7 /* LaunchScreen.storyboard */; };
		E028F8F01FDA982C00EBE0B7 /* ViewController.swift in Sources */ = {isa = PBXBuildFile; fileRef = E028F8C81FDA936200EBE0B7 /* ViewController.swift */; };
		E028F8F11FDA982C00EBE0B7 /* AppDelegate.swift in Sources */ = {isa = PBXBuildFile; fileRef = E028F8C61FDA936200EBE0B7 /* AppDelegate.swift */; };
		E028F8F41FDA982C00EBE0B7 /* LaunchScreen.storyboard in Resources */ = {isa = PBXBuildFile; fileRef = E028F8CF1FDA936200EBE0B7 /* LaunchScreen.storyboard */; };
		E028F8F51FDA982C00EBE0B7 /* Assets.xcassets in Resources */ = {isa = PBXBuildFile; fileRef = E028F8CD1FDA936200EBE0B7 /* Assets.xcassets */; };
		E028F8F61FDA982C00EBE0B7 /* Main.storyboard in Resources */ = {isa = PBXBuildFile; fileRef = E028F8CA1FDA936200EBE0B7 /* Main.storyboard */; };
/* End PBXBuildFile section */

/* Begin PBXFileReference section */
		E028F8C31FDA936200EBE0B7 /* SwiftTarget.app */ = {isa = PBXFileReference; explicitFileType = wrapper.application; includeInIndex = 0; path = SwiftTarget.app; sourceTree = BUILT_PRODUCTS_DIR; };
		E028F8C61FDA936200EBE0B7 /* AppDelegate.swift */ = {isa = PBXFileReference; lastKnownFileType = sourcecode.swift; path = AppDelegate.swift; sourceTree = "<group>"; };
		E028F8C81FDA936200EBE0B7 /* ViewController.swift */ = {isa = PBXFileReference; lastKnownFileType = sourcecode.swift; path = ViewController.swift; sourceTree = "<group>"; };
		E028F8CB1FDA936200EBE0B7 /* Base */ = {isa = PBXFileReference; lastKnownFileType = file.storyboard; name = Base; path = Base.lproj/Main.storyboard; sourceTree = "<group>"; };
		E028F8CD1FDA936200EBE0B7 /* Assets.xcassets */ = {isa = PBXFileReference; lastKnownFileType = folder.assetcatalog; path = Assets.xcassets; sourceTree = "<group>"; };
		E028F8D01FDA936200EBE0B7 /* Base */ = {isa = PBXFileReference; lastKnownFileType = file.storyboard; name = Base; path = Base.lproj/LaunchScreen.storyboard; sourceTree = "<group>"; };
		E028F8D21FDA936200EBE0B7 /* Info.plist */ = {isa = PBXFileReference; lastKnownFileType = text.plist.xml; path = Info.plist; sourceTree = "<group>"; };
		E028F8DC1FDA939500EBE0B7 /* SwiftTargetOne.app */ = {isa = PBXFileReference; explicitFileType = wrapper.application; includeInIndex = 0; path = SwiftTargetOne.app; sourceTree = BUILT_PRODUCTS_DIR; };
		E028F8DE1FDA939500EBE0B7 /* AppDelegate.swift */ = {isa = PBXFileReference; lastKnownFileType = sourcecode.swift; path = AppDelegate.swift; sourceTree = "<group>"; };
		E028F8E01FDA939500EBE0B7 /* ViewController.swift */ = {isa = PBXFileReference; lastKnownFileType = sourcecode.swift; path = ViewController.swift; sourceTree = "<group>"; };
		E028F8E31FDA939500EBE0B7 /* Base */ = {isa = PBXFileReference; lastKnownFileType = file.storyboard; name = Base; path = Base.lproj/Main.storyboard; sourceTree = "<group>"; };
		E028F8E51FDA939500EBE0B7 /* Assets.xcassets */ = {isa = PBXFileReference; lastKnownFileType = folder.assetcatalog; path = Assets.xcassets; sourceTree = "<group>"; };
		E028F8E81FDA939500EBE0B7 /* Base */ = {isa = PBXFileReference; lastKnownFileType = file.storyboard; name = Base; path = Base.lproj/LaunchScreen.storyboard; sourceTree = "<group>"; };
		E028F8EA1FDA939500EBE0B7 /* Info.plist */ = {isa = PBXFileReference; lastKnownFileType = text.plist.xml; path = Info.plist; sourceTree = "<group>"; };
		E028F8FA1FDA982C00EBE0B7 /* SwiftTargetTwo.app */ = {isa = PBXFileReference; explicitFileType = wrapper.application; includeInIndex = 0; path = SwiftTargetTwo.app; sourceTree = BUILT_PRODUCTS_DIR; };
		E028F8FB1FDA982C00EBE0B7 /* SwiftTargetTwo-Info.plist */ = {isa = PBXFileReference; lastKnownFileType = text.plist.xml; name = "SwiftTargetTwo-Info.plist"; path = "/Users/tangdaoyong/Desktop/TargetWorkspace/SwiftTarget/SwiftTargetTwo-Info.plist"; sourceTree = "<absolute>"; };
/* End PBXFileReference section */

/* Begin PBXFrameworksBuildPhase section */
		E028F8C01FDA936200EBE0B7 /* Frameworks */ = {
			isa = PBXFrameworksBuildPhase;
			buildActionMask = 2147483647;
			files = (
			);
			runOnlyForDeploymentPostprocessing = 0;
		};
		E028F8D91FDA939500EBE0B7 /* Frameworks */ = {
			isa = PBXFrameworksBuildPhase;
			buildActionMask = 2147483647;
			files = (
			);
			runOnlyForDeploymentPostprocessing = 0;
		};
		E028F8F21FDA982C00EBE0B7 /* Frameworks */ = {
			isa = PBXFrameworksBuildPhase;
			buildActionMask = 2147483647;
			files = (
			);
			runOnlyForDeploymentPostprocessing = 0;
		};
/* End PBXFrameworksBuildPhase section */

/* Begin PBXGroup section */
		E028F8BA1FDA936200EBE0B7 = {
			isa = PBXGroup;
			children = (
				E028F8C51FDA936200EBE0B7 /* SwiftTarget */,
				E028F8DD1FDA939500EBE0B7 /* SwiftTargetOne */,
				E028F8C41FDA936200EBE0B7 /* Products */,
				E028F8FB1FDA982C00EBE0B7 /* SwiftTargetTwo-Info.plist */,
			);
			sourceTree = "<group>";
		};
		E028F8C41FDA936200EBE0B7 /* Products */ = {
			isa = PBXGroup;
			children = (
				E028F8C31FDA936200EBE0B7 /* SwiftTarget.app */,
				E028F8DC1FDA939500EBE0B7 /* SwiftTargetOne.app */,
				E028F8FA1FDA982C00EBE0B7 /* SwiftTargetTwo.app */,
			);
			name = Products;
			sourceTree = "<group>";
		};
		E028F8C51FDA936200EBE0B7 /* SwiftTarget */ = {
			isa = PBXGroup;
			children = (
				E028F8C61FDA936200EBE0B7 /* AppDelegate.swift */,
				E028F8C81FDA936200EBE0B7 /* ViewController.swift */,
				E028F8CA1FDA936200EBE0B7 /* Main.storyboard */,
				E028F8CD1FDA936200EBE0B7 /* Assets.xcassets */,
				E028F8CF1FDA936200EBE0B7 /* LaunchScreen.storyboard */,
				E028F8D21FDA936200EBE0B7 /* Info.plist */,
			);
			path = SwiftTarget;
			sourceTree = "<group>";
		};
		E028F8DD1FDA939500EBE0B7 /* SwiftTargetOne */ = {
			isa = PBXGroup;
			children = (
				E028F8DE1FDA939500EBE0B7 /* AppDelegate.swift */,
				E028F8E01FDA939500EBE0B7 /* ViewController.swift */,
				E028F8E21FDA939500EBE0B7 /* Main.storyboard */,
				E028F8E51FDA939500EBE0B7 /* Assets.xcassets */,
				E028F8E71FDA939500EBE0B7 /* LaunchScreen.storyboard */,
				E028F8EA1FDA939500EBE0B7 /* Info.plist */,
			);
			path = SwiftTargetOne;
			sourceTree = "<group>";
		};
/* End PBXGroup section */

/* Begin PBXNativeTarget section */
		E028F8C21FDA936200EBE0B7 /* SwiftTarget */ = {
			isa = PBXNativeTarget;
			buildConfigurationList = E028F8D51FDA936200EBE0B7 /* Build configuration list for PBXNativeTarget "SwiftTarget" */;
			buildPhases = (
				E028F8BF1FDA936200EBE0B7 /* Sources */,
				E028F8C01FDA936200EBE0B7 /* Frameworks */,
				E028F8C11FDA936200EBE0B7 /* Resources */,
			);
			buildRules = (
			);
			dependencies = (
			);
			name = SwiftTarget;
			productName = SwiftTarget;
			productReference = E028F8C31FDA936200EBE0B7 /* SwiftTarget.app */;
			productType = "com.apple.product-type.application";
		};
		E028F8DB1FDA939500EBE0B7 /* SwiftTargetOne */ = {
			isa = PBXNativeTarget;
			buildConfigurationList = E028F8ED1FDA939500EBE0B7 /* Build configuration list for PBXNativeTarget "SwiftTargetOne" */;
			buildPhases = (
				E028F8D81FDA939500EBE0B7 /* Sources */,
				E028F8D91FDA939500EBE0B7 /* Frameworks */,
				E028F8DA1FDA939500EBE0B7 /* Resources */,
			);
			buildRules = (
			);
			dependencies = (
			);
			name = SwiftTargetOne;
			productName = SwiftTargetOne;
			productReference = E028F8DC1FDA939500EBE0B7 /* SwiftTargetOne.app */;
			productType = "com.apple.product-type.application";
		};
		E028F8EE1FDA982C00EBE0B7 /* SwiftTargetTwo */ = {
			isa = PBXNativeTarget;
			buildConfigurationList = E028F8F71FDA982C00EBE0B7 /* Build configuration list for PBXNativeTarget "SwiftTargetTwo" */;
			buildPhases = (
				E028F8EF1FDA982C00EBE0B7 /* Sources */,
				E028F8F21FDA982C00EBE0B7 /* Frameworks */,
				E028F8F31FDA982C00EBE0B7 /* Resources */,
			);
			buildRules = (
			);
			dependencies = (
			);
			name = SwiftTargetTwo;
			productName = SwiftTarget;
			productReference = E028F8FA1FDA982C00EBE0B7 /* SwiftTargetTwo.app */;
			productType = "com.apple.product-type.application";
		};
/* End PBXNativeTarget section */

/* Begin PBXProject section */
		E028F8BB1FDA936200EBE0B7 /* Project object */ = {
			isa = PBXProject;
			attributes = {
				LastSwiftUpdateCheck = 0910;
				LastUpgradeCheck = 0910;
				ORGANIZATIONNAME = "唐道勇";
				TargetAttributes = {
					E028F8C21FDA936200EBE0B7 = {
						CreatedOnToolsVersion = 9.1;
						ProvisioningStyle = Automatic;
					};
					E028F8DB1FDA939500EBE0B7 = {
						CreatedOnToolsVersion = 9.1;
						ProvisioningStyle = Automatic;
					};
					E028F8EE1FDA982C00EBE0B7 = {
						ProvisioningStyle = Automatic;
					};
				};
			};
			buildConfigurationList = E028F8BE1FDA936200EBE0B7 /* Build configuration list for PBXProject "SwiftTarget" */;
			compatibilityVersion = "Xcode 8.0";
			developmentRegion = en;
			hasScannedForEncodings = 0;
			knownRegions = (
				en,
				Base,
			);
			mainGroup = E028F8BA1FDA936200EBE0B7;
			productRefGroup = E028F8C41FDA936200EBE0B7 /* Products */;
			projectDirPath = "";
			projectRoot = "";
			targets = (
				E028F8C21FDA936200EBE0B7 /* SwiftTarget */,
				E028F8DB1FDA939500EBE0B7 /* SwiftTargetOne */,
				E028F8EE1FDA982C00EBE0B7 /* SwiftTargetTwo */,
			);
		};
/* End PBXProject section */

/* Begin PBXResourcesBuildPhase section */
		E028F8C11FDA936200EBE0B7 /* Resources */ = {
			isa = PBXResourcesBuildPhase;
			buildActionMask = 2147483647;
			files = (
				E028F8D11FDA936200EBE0B7 /* LaunchScreen.storyboard in Resources */,
				E028F8CE1FDA936200EBE0B7 /* Assets.xcassets in Resources */,
				E028F8CC1FDA936200EBE0B7 /* Main.storyboard in Resources */,
			);
			runOnlyForDeploymentPostprocessing = 0;
		};
		E028F8DA1FDA939500EBE0B7 /* Resources */ = {
			isa = PBXResourcesBuildPhase;
			buildActionMask = 2147483647;
			files = (
				E028F8E91FDA939500EBE0B7 /* LaunchScreen.storyboard in Resources */,
				E028F8E61FDA939500EBE0B7 /* Assets.xcassets in Resources */,
				E028F8E41FDA939500EBE0B7 /* Main.storyboard in Resources */,
			);
			runOnlyForDeploymentPostprocessing = 0;
		};
		E028F8F31FDA982C00EBE0B7 /* Resources */ = {
			isa = PBXResourcesBuildPhase;
			buildActionMask = 2147483647;
			files = (
				E028F8F41FDA982C00EBE0B7 /* LaunchScreen.storyboard in Resources */,
				E028F8F51FDA982C00EBE0B7 /* Assets.xcassets in Resources */,
				E028F8F61FDA982C00EBE0B7 /* Main.storyboard in Resources */,
			);
			runOnlyForDeploymentPostprocessing = 0;
		};
/* End PBXResourcesBuildPhase section */

/* Begin PBXSourcesBuildPhase section */
		E028F8BF1FDA936200EBE0B7 /* Sources */ = {
			isa = PBXSourcesBuildPhase;
			buildActionMask = 2147483647;
			files = (
				E028F8C91FDA936200EBE0B7 /* ViewController.swift in Sources */,
				E028F8C71FDA936200EBE0B7 /* AppDelegate.swift in Sources */,
			);
			runOnlyForDeploymentPostprocessing = 0;
		};
		E028F8D81FDA939500EBE0B7 /* Sources */ = {
			isa = PBXSourcesBuildPhase;
			buildActionMask = 2147483647;
			files = (
				E028F8E11FDA939500EBE0B7 /* ViewController.swift in Sources */,
				E028F8DF1FDA939500EBE0B7 /* AppDelegate.swift in Sources */,
			);
			runOnlyForDeploymentPostprocessing = 0;
		};
		E028F8EF1FDA982C00EBE0B7 /* Sources */ = {
			isa = PBXSourcesBuildPhase;
			buildActionMask = 2147483647;
			files = (
				E028F8F01FDA982C00EBE0B7 /* ViewController.swift in Sources */,
				E028F8F11FDA982C00EBE0B7 /* AppDelegate.swift in Sources */,
			);
			runOnlyForDeploymentPostprocessing = 0;
		};
/* End PBXSourcesBuildPhase section */

/* Begin PBXVariantGroup section */
		E028F8CA1FDA936200EBE0B7 /* Main.storyboard */ = {
			isa = PBXVariantGroup;
			children = (
				E028F8CB1FDA936200EBE0B7 /* Base */,
			);
			name = Main.storyboard;
			sourceTree = "<group>";
		};
		E028F8CF1FDA936200EBE0B7 /* LaunchScreen.storyboard */ = {
			isa = PBXVariantGroup;
			children = (
				E028F8D01FDA936200EBE0B7 /* Base */,
			);
			name = LaunchScreen.storyboard;
			sourceTree = "<group>";
		};
		E028F8E21FDA939500EBE0B7 /* Main.storyboard */ = {
			isa = PBXVariantGroup;
			children = (
				E028F8E31FDA939500EBE0B7 /* Base */,
			);
			name = Main.storyboard;
			sourceTree = "<group>";
		};
		E028F8E71FDA939500EBE0B7 /* LaunchScreen.storyboard */ = {
			isa = PBXVariantGroup;
			children = (
				E028F8E81FDA939500EBE0B7 /* Base */,
			);
			name = LaunchScreen.storyboard;
			sourceTree = "<group>";
		};
/* End PBXVariantGroup section */

/* Begin XCBuildConfiguration section */
		E028F8D31FDA936200EBE0B7 /* Debug */ = {
			isa = XCBuildConfiguration;
			buildSettings = {
				ALWAYS_SEARCH_USER_PATHS = NO;
				CLANG_ANALYZER_NONNULL = YES;
				CLANG_ANALYZER_NUMBER_OBJECT_CONVERSION = YES_AGGRESSIVE;
				CLANG_CXX_LANGUAGE_STANDARD = "gnu++14";
				CLANG_CXX_LIBRARY = "libc++";
				CLANG_ENABLE_MODULES = YES;
				CLANG_ENABLE_OBJC_ARC = YES;
				CLANG_WARN_BLOCK_CAPTURE_AUTORELEASING = YES;
				CLANG_WARN_BOOL_CONVERSION = YES;
				CLANG_WARN_COMMA = YES;
				CLANG_WARN_CONSTANT_CONVERSION = YES;
				CLANG_WARN_DIRECT_OBJC_ISA_USAGE = YES_ERROR;
				CLANG_WARN_DOCUMENTATION_COMMENTS = YES;
				CLANG_WARN_EMPTY_BODY = YES;
				CLANG_WARN_ENUM_CONVERSION = YES;
				CLANG_WARN_INFINITE_RECURSION = YES;
				CLANG_WARN_INT_CONVERSION = YES;
				CLANG_WARN_NON_LITERAL_NULL_CONVERSION = YES;
				CLANG_WARN_OBJC_LITERAL_CONVERSION = YES;
				CLANG_WARN_OBJC_ROOT_CLASS = YES_ERROR;
				CLANG_WARN_RANGE_LOOP_ANALYSIS = YES;
				CLANG_WARN_STRICT_PROTOTYPES = YES;
				CLANG_WARN_SUSPICIOUS_MOVE = YES;
				CLANG_WARN_UNGUARDED_AVAILABILITY = YES_AGGRESSIVE;
				CLANG_WARN_UNREACHABLE_CODE = YES;
				CLANG_WARN__DUPLICATE_METHOD_MATCH = YES;
				CODE_SIGN_IDENTITY = "iPhone Developer";
				COPY_PHASE_STRIP = NO;
				DEBUG_INFORMATION_FORMAT = dwarf;
				ENABLE_STRICT_OBJC_MSGSEND = YES;
				ENABLE_TESTABILITY = YES;
				GCC_C_LANGUAGE_STANDARD = gnu11;
				GCC_DYNAMIC_NO_PIC = NO;
				GCC_NO_COMMON_BLOCKS = YES;
				GCC_OPTIMIZATION_LEVEL = 0;
				GCC_PREPROCESSOR_DEFINITIONS = (
					"DEBUG=1",
					"$(inherited)",
				);
				GCC_WARN_64_TO_32_BIT_CONVERSION = YES;
				GCC_WARN_ABOUT_RETURN_TYPE = YES_ERROR;
				GCC_WARN_UNDECLARED_SELECTOR = YES;
				GCC_WARN_UNINITIALIZED_AUTOS = YES_AGGRESSIVE;
				GCC_WARN_UNUSED_FUNCTION = YES;
				GCC_WARN_UNUSED_VARIABLE = YES;
				IPHONEOS_DEPLOYMENT_TARGET = 11.1;
				MTL_ENABLE_DEBUG_INFO = YES;
				ONLY_ACTIVE_ARCH = YES;
				SDKROOT = iphoneos;
				SWIFT_ACTIVE_COMPILATION_CONDITIONS = DEBUG;
				SWIFT_OPTIMIZATION_LEVEL = "-Onone";
			};
			name = Debug;
		};
		E028F8D41FDA936200EBE0B7 /* Release */ = {
			isa = XCBuildConfiguration;
			buildSettings = {
				ALWAYS_SEARCH_USER_PATHS = NO;
				CLANG_ANALYZER_NONNULL = YES;
				CLANG_ANALYZER_NUMBER_OBJECT_CONVERSION = YES_AGGRESSIVE;
				CLANG_CXX_LANGUAGE_STANDARD = "gnu++14";
				CLANG_CXX_LIBRARY = "libc++";
				CLANG_ENABLE_MODULES = YES;
				CLANG_ENABLE_OBJC_ARC = YES;
				CLANG_WARN_BLOCK_CAPTURE_AUTORELEASING = YES;
				CLANG_WARN_BOOL_CONVERSION = YES;
				CLANG_WARN_COMMA = YES;
				CLANG_WARN_CONSTANT_CONVERSION = YES;
				CLANG_WARN_DIRECT_OBJC_ISA_USAGE = YES_ERROR;
				CLANG_WARN_DOCUMENTATION_COMMENTS = YES;
				CLANG_WARN_EMPTY_BODY = YES;
				CLANG_WARN_ENUM_CONVERSION = YES;
				CLANG_WARN_INFINITE_RECURSION = YES;
				CLANG_WARN_INT_CONVERSION = YES;
				CLANG_WARN_NON_LITERAL_NULL_CONVERSION = YES;
				CLANG_WARN_OBJC_LITERAL_CONVERSION = YES;
				CLANG_WARN_OBJC_ROOT_CLASS = YES_ERROR;
				CLANG_WARN_RANGE_LOOP_ANALYSIS = YES;
				CLANG_WARN_STRICT_PROTOTYPES = YES;
				CLANG_WARN_SUSPICIOUS_MOVE = YES;
				CLANG_WARN_UNGUARDED_AVAILABILITY = YES_AGGRESSIVE;
				CLANG_WARN_UNREACHABLE_CODE = YES;
				CLANG_WARN__DUPLICATE_METHOD_MATCH = YES;
				CODE_SIGN_IDENTITY = "iPhone Developer";
				COPY_PHASE_STRIP = NO;
				DEBUG_INFORMATION_FORMAT = "dwarf-with-dsym";
				ENABLE_NS_ASSERTIONS = NO;
				ENABLE_STRICT_OBJC_MSGSEND = YES;
				GCC_C_LANGUAGE_STANDARD = gnu11;
				GCC_NO_COMMON_BLOCKS = YES;
				GCC_WARN_64_TO_32_BIT_CONVERSION = YES;
				GCC_WARN_ABOUT_RETURN_TYPE = YES_ERROR;
				GCC_WARN_UNDECLARED_SELECTOR = YES;
				GCC_WARN_UNINITIALIZED_AUTOS = YES_AGGRESSIVE;
				GCC_WARN_UNUSED_FUNCTION = YES;
				GCC_WARN_UNUSED_VARIABLE = YES;
				IPHONEOS_DEPLOYMENT_TARGET = 11.1;
				MTL_ENABLE_DEBUG_INFO = NO;
				SDKROOT = iphoneos;
				SWIFT_OPTIMIZATION_LEVEL = "-Owholemodule";
				VALIDATE_PRODUCT = YES;
			};
			name = Release;
		};
		E028F8D61FDA936200EBE0B7 /* Debug */ = {
			isa = XCBuildConfiguration;
			buildSettings = {
				ASSETCATALOG_COMPILER_APPICON_NAME = AppIcon;
				CODE_SIGN_STYLE = Automatic;
				DEVELOPMENT_TEAM = MJR9EC2KZZ;
				GCC_PREPROCESSOR_DEFINITIONS = (
					"DEBUG=1",
					"$(inherited)",
				);
				INFOPLIST_FILE = SwiftTarget/Info.plist;
				LD_RUNPATH_SEARCH_PATHS = "$(inherited) @executable_path/Frameworks";
				OTHER_SWIFT_FLAGS = "$(inherited) -D SWIFTONE";
				PRODUCT_BUNDLE_IDENTIFIER = com.tdy.SwiftTarget;
				PRODUCT_NAME = "$(TARGET_NAME)";
				SWIFT_VERSION = 4.0;
				TARGETED_DEVICE_FAMILY = "1,2";
			};
			name = Debug;
		};
		E028F8D71FDA936200EBE0B7 /* Release */ = {
			isa = XCBuildConfiguration;
			buildSettings = {
				ASSETCATALOG_COMPILER_APPICON_NAME = AppIcon;
				CODE_SIGN_STYLE = Automatic;
				DEVELOPMENT_TEAM = MJR9EC2KZZ;
				INFOPLIST_FILE = SwiftTarget/Info.plist;
				LD_RUNPATH_SEARCH_PATHS = "$(inherited) @executable_path/Frameworks";
				PRODUCT_BUNDLE_IDENTIFIER = com.tdy.SwiftTarget;
				PRODUCT_NAME = "$(TARGET_NAME)";
				SWIFT_VERSION = 4.0;
				TARGETED_DEVICE_FAMILY = "1,2";
			};
			name = Release;
		};
		E028F8EB1FDA939500EBE0B7 /* Debug */ = {
			isa = XCBuildConfiguration;
			buildSettings = {
				ASSETCATALOG_COMPILER_APPICON_NAME = AppIcon;
				CODE_SIGN_STYLE = Automatic;
				DEVELOPMENT_TEAM = MJR9EC2KZZ;
				INFOPLIST_FILE = SwiftTargetOne/Info.plist;
				LD_RUNPATH_SEARCH_PATHS = "$(inherited) @executable_path/Frameworks";
				PRODUCT_BUNDLE_IDENTIFIER = com.tdy.SwiftTargetOne;
				PRODUCT_NAME = "$(TARGET_NAME)";
				SWIFT_VERSION = 4.0;
				TARGETED_DEVICE_FAMILY = "1,2";
			};
			name = Debug;
		};
		E028F8EC1FDA939500EBE0B7 /* Release */ = {
			isa = XCBuildConfiguration;
			buildSettings = {
				ASSETCATALOG_COMPILER_APPICON_NAME = AppIcon;
				CODE_SIGN_STYLE = Automatic;
				DEVELOPMENT_TEAM = MJR9EC2KZZ;
				INFOPLIST_FILE = SwiftTargetOne/Info.plist;
				LD_RUNPATH_SEARCH_PATHS = "$(inherited) @executable_path/Frameworks";
				PRODUCT_BUNDLE_IDENTIFIER = com.tdy.SwiftTargetOne;
				PRODUCT_NAME = "$(TARGET_NAME)";
				SWIFT_VERSION = 4.0;
				TARGETED_DEVICE_FAMILY = "1,2";
			};
			name = Release;
		};
		E028F8F81FDA982C00EBE0B7 /* Debug */ = {
			isa = XCBuildConfiguration;
			buildSettings = {
				ASSETCATALOG_COMPILER_APPICON_NAME = AppIcon;
				CODE_SIGN_STYLE = Automatic;
				DEVELOPMENT_TEAM = MJR9EC2KZZ;
				GCC_PREPROCESSOR_DEFINITIONS = (
					"DEBUG=1",
					"$(inherited)",
				);
				INFOPLIST_FILE = "$(SRCROOT)/SwiftTargetTwo-Info.plist";
				LD_RUNPATH_SEARCH_PATHS = "$(inherited) @executable_path/Frameworks";
				OTHER_SWIFT_FLAGS = "$(inherited) -D SWIFTTWO";
				PRODUCT_BUNDLE_IDENTIFIER = com.tdy.SwiftTargetTwo;
				PRODUCT_NAME = "$(TARGET_NAME)";
				SWIFT_VERSION = 4.0;
				TARGETED_DEVICE_FAMILY = "1,2";
			};
			name = Debug;
		};
		E028F8F91FDA982C00EBE0B7 /* Release */ = {
			isa = XCBuildConfiguration;
			buildSettings = {
				ASSETCATALOG_COMPILER_APPICON_NAME = AppIcon;
				CODE_SIGN_STYLE = Automatic;
				DEVELOPMENT_TEAM = MJR9EC2KZZ;
				INFOPLIST_FILE = "$(SRCROOT)/SwiftTargetTwo-Info.plist";
				LD_RUNPATH_SEARCH_PATHS = "$(inherited) @executable_path/Frameworks";
				PRODUCT_BUNDLE_IDENTIFIER = com.tdy.SwiftTargetTwo;
				PRODUCT_NAME = "$(TARGET_NAME)";
				SWIFT_VERSION = 4.0;
				TARGETED_DEVICE_FAMILY = "1,2";
			};
			name = Release;
		};
/* End XCBuildConfiguration section */

/* Begin XCConfigurationList section */
		E028F8BE1FDA936200EBE0B7 /* Build configuration list for PBXProject "SwiftTarget" */ = {
			isa = XCConfigurationList;
			buildConfigurations = (
				E028F8D31FDA936200EBE0B7 /* Debug */,
				E028F8D41FDA936200EBE0B7 /* Release */,
			);
			defaultConfigurationIsVisible = 0;
			defaultConfigurationName = Release;
		};
		E028F8D51FDA936200EBE0B7 /* Build configuration list for PBXNativeTarget "SwiftTarget" */ = {
			isa = XCConfigurationList;
			buildConfigurations = (
				E028F8D61FDA936200EBE0B7 /* Debug */,
				E028F8D71FDA936200EBE0B7 /* Release */,
			);
			defaultConfigurationIsVisible = 0;
			defaultConfigurationName = Release;
		};
		E028F8ED1FDA939500EBE0B7 /* Build configuration list for PBXNativeTarget "SwiftTargetOne" */ = {
			isa = XCConfigurationList;
			buildConfigurations = (
				E028F8EB1FDA939500EBE0B7 /* Debug */,
				E028F8EC1FDA939500EBE0B7 /* Release */,
			);
			defaultConfigurationIsVisible = 0;
			defaultConfigurationName = Release;
		};
		E028F8F71FDA982C00EBE0B7 /* Build configuration list for PBXNativeTarget "SwiftTargetTwo" */ = {
			isa = XCConfigurationList;
			buildConfigurations = (
				E028F8F81FDA982C00EBE0B7 /* Debug */,
				E028F8F91FDA982C00EBE0B7 /* Release */,
			);
			defaultConfigurationIsVisible = 0;
			defaultConfigurationName = Release;
		};
/* End XCConfigurationList section */
	};
	rootObject = E028F8BB1FDA936200EBE0B7 /* Project object */;
}
